// !$*UTF8*$!
{
	archiveVersion = 1;
	classes = {
	};
	objectVersion = 56;
	objects = {

/* Begin PBXBuildFile section */
		DC6AEA532B570C460070646D /* IStoreApp.swift in Sources */ = {isa = PBXBuildFile; fileRef = DC6AEA522B570C460070646D /* IStoreApp.swift */; };
		DC6AEA552B570C460070646D /* ContentView.swift in Sources */ = {isa = PBXBuildFile; fileRef = DC6AEA542B570C460070646D /* ContentView.swift */; };
		DC6AEA572B570C470070646D /* Assets.xcassets in Resources */ = {isa = PBXBuildFile; fileRef = DC6AEA562B570C470070646D /* Assets.xcassets */; };
		DC6AEA5A2B570C470070646D /* Preview Assets.xcassets in Resources */ = {isa = PBXBuildFile; fileRef = DC6AEA592B570C470070646D /* Preview Assets.xcassets */; };
		DC6AEA642B570C470070646D /* IStoreTests.swift in Sources */ = {isa = PBXBuildFile; fileRef = DC6AEA632B570C470070646D /* IStoreTests.swift */; };
		DC6AEA6E2B570C470070646D /* IStoreUITests.swift in Sources */ = {isa = PBXBuildFile; fileRef = DC6AEA6D2B570C470070646D /* IStoreUITests.swift */; };
		DC6AEA702B570C470070646D /* IStoreUITestsLaunchTests.swift in Sources */ = {isa = PBXBuildFile; fileRef = DC6AEA6F2B570C470070646D /* IStoreUITestsLaunchTests.swift */; };
/* End PBXBuildFile section */

/* Begin PBXContainerItemProxy section */
		DC6AEA602B570C470070646D /* PBXContainerItemProxy */ = {
			isa = PBXContainerItemProxy;
			containerPortal = DC6AEA472B570C460070646D /* Project object */;
			proxyType = 1;
			remoteGlobalIDString = DC6AEA4E2B570C460070646D;
			remoteInfo = IStore;
		};
		DC6AEA6A2B570C470070646D /* PBXContainerItemProxy */ = {
			isa = PBXContainerItemProxy;
			containerPortal = DC6AEA472B570C460070646D /* Project object */;
			proxyType = 1;
			remoteGlobalIDString = DC6AEA4E2B570C460070646D;
			remoteInfo = IStore;
		};
/* End PBXContainerItemProxy section */

/* Begin PBXFileReference section */
		DC6AEA4F2B570C460070646D /* IStore.app */ = {isa = PBXFileReference; explicitFileType = wrapper.application; includeInIndex = 0; path = IStore.app; sourceTree = BUILT_PRODUCTS_DIR; };
		DC6AEA522B570C460070646D /* IStoreApp.swift */ = {isa = PBXFileReference; lastKnownFileType = sourcecode.swift; path = IStoreApp.swift; sourceTree = "<group>"; };
		DC6AEA542B570C460070646D /* ContentView.swift */ = {isa = PBXFileReference; lastKnownFileType = sourcecode.swift; path = ContentView.swift; sourceTree = "<group>"; };
		DC6AEA562B570C470070646D /* Assets.xcassets */ = {isa = PBXFileReference; lastKnownFileType = folder.assetcatalog; path = Assets.xcassets; sourceTree = "<group>"; };
		DC6AEA592B570C470070646D /* Preview Assets.xcassets */ = {isa = PBXFileReference; lastKnownFileType = folder.assetcatalog; path = "Preview Assets.xcassets"; sourceTree = "<group>"; };
		DC6AEA5F2B570C470070646D /* IStoreTests.xctest */ = {isa = PBXFileReference; explicitFileType = wrapper.cfbundle; includeInIndex = 0; path = IStoreTests.xctest; sourceTree = BUILT_PRODUCTS_DIR; };
		DC6AEA632B570C470070646D /* IStoreTests.swift */ = {isa = PBXFileReference; lastKnownFileType = sourcecode.swift; path = IStoreTests.swift; sourceTree = "<group>"; };
		DC6AEA692B570C470070646D /* IStoreUITests.xctest */ = {isa = PBXFileReference; explicitFileType = wrapper.cfbundle; includeInIndex = 0; path = IStoreUITests.xctest; sourceTree = BUILT_PRODUCTS_DIR; };
		DC6AEA6D2B570C470070646D /* IStoreUITests.swift */ = {isa = PBXFileReference; lastKnownFileType = sourcecode.swift; path = IStoreUITests.swift; sourceTree = "<group>"; };
		DC6AEA6F2B570C470070646D /* IStoreUITestsLaunchTests.swift */ = {isa = PBXFileReference; lastKnownFileType = sourcecode.swift; path = IStoreUITestsLaunchTests.swift; sourceTree = "<group>"; };
/* End PBXFileReference section */

/* Begin PBXFrameworksBuildPhase section */
		DC6AEA4C2B570C460070646D /* Frameworks */ = {
			isa = PBXFrameworksBuildPhase;
			buildActionMask = 2147483647;
			files = (
			);
			runOnlyForDeploymentPostprocessing = 0;
		};
		DC6AEA5C2B570C470070646D /* Frameworks */ = {
			isa = PBXFrameworksBuildPhase;
			buildActionMask = 2147483647;
			files = (
			);
			runOnlyForDeploymentPostprocessing = 0;
		};
		DC6AEA662B570C470070646D /* Frameworks */ = {
			isa = PBXFrameworksBuildPhase;
			buildActionMask = 2147483647;
			files = (
			);
			runOnlyForDeploymentPostprocessing = 0;
		};
/* End PBXFrameworksBuildPhase section */

/* Begin PBXGroup section */
		DC6AEA462B570C460070646D = {
			isa = PBXGroup;
			children = (
				DC6AEA512B570C460070646D /* IStore */,
				DC6AEA622B570C470070646D /* IStoreTests */,
				DC6AEA6C2B570C470070646D /* IStoreUITests */,
				DC6AEA502B570C460070646D /* Products */,
			);
			sourceTree = "<group>";
		};
		DC6AEA502B570C460070646D /* Products */ = {
			isa = PBXGroup;
			children = (
				DC6AEA4F2B570C460070646D /* IStore.app */,
				DC6AEA5F2B570C470070646D /* IStoreTests.xctest */,
				DC6AEA692B570C470070646D /* IStoreUITests.xctest */,
			);
			name = Products;
			sourceTree = "<group>";
		};
		DC6AEA512B570C460070646D /* IStore */ = {
			isa = PBXGroup;
			children = (
				DC6AEA522B570C460070646D /* IStoreApp.swift */,
				DC6AEA542B570C460070646D /* ContentView.swift */,
				DC6AEA562B570C470070646D /* Assets.xcassets */,
				DC6AEA582B570C470070646D /* Preview Content */,
			);
			path = IStore;
			sourceTree = "<group>";
		};
		DC6AEA582B570C470070646D /* Preview Content */ = {
			isa = PBXGroup;
			children = (
				DC6AEA592B570C470070646D /* Preview Assets.xcassets */,
			);
			path = "Preview Content";
			sourceTree = "<group>";
		};
		DC6AEA622B570C470070646D /* IStoreTests */ = {
			isa = PBXGroup;
			children = (
				DC6AEA632B570C470070646D /* IStoreTests.swift */,
			);
			path = IStoreTests;
			sourceTree = "<group>";
		};
		DC6AEA6C2B570C470070646D /* IStoreUITests */ = {
			isa = PBXGroup;
			children = (
				DC6AEA6D2B570C470070646D /* IStoreUITests.swift */,
				DC6AEA6F2B570C470070646D /* IStoreUITestsLaunchTests.swift */,
			);
			path = IStoreUITests;
			sourceTree = "<group>";
		};
/* End PBXGroup section */

/* Begin PBXNativeTarget section */
		DC6AEA4E2B570C460070646D /* IStore */ = {
			isa = PBXNativeTarget;
			buildConfigurationList = DC6AEA732B570C470070646D /* Build configuration list for PBXNativeTarget "IStore" */;
			buildPhases = (
				DC6AEA4B2B570C460070646D /* Sources */,
				DC6AEA4C2B570C460070646D /* Frameworks */,
				DC6AEA4D2B570C460070646D /* Resources */,
			);
			buildRules = (
			);
			dependencies = (
			);
			name = IStore;
			productName = IStore;
			productReference = DC6AEA4F2B570C460070646D /* IStore.app */;
			productType = "com.apple.product-type.application";
		};
		DC6AEA5E2B570C470070646D /* IStoreTests */ = {
			isa = PBXNativeTarget;
			buildConfigurationList = DC6AEA762B570C470070646D /* Build configuration list for PBXNativeTarget "IStoreTests" */;
			buildPhases = (
				DC6AEA5B2B570C470070646D /* Sources */,
				DC6AEA5C2B570C470070646D /* Frameworks */,
				DC6AEA5D2B570C470070646D /* Resources */,
			);
			buildRules = (
			);
			dependencies = (
				DC6AEA612B570C470070646D /* PBXTargetDependency */,
			);
			name = IStoreTests;
			productName = IStoreTests;
			productReference = DC6AEA5F2B570C470070646D /* IStoreTests.xctest */;
			productType = "com.apple.product-type.bundle.unit-test";
		};
		DC6AEA682B570C470070646D /* IStoreUITests */ = {
			isa = PBXNativeTarget;
			buildConfigurationList = DC6AEA792B570C470070646D /* Build configuration list for PBXNativeTarget "IStoreUITests" */;
			buildPhases = (
				DC6AEA652B570C470070646D /* Sources */,
				DC6AEA662B570C470070646D /* Frameworks */,
				DC6AEA672B570C470070646D /* Resources */,
			);
			buildRules = (
			);
			dependencies = (
				DC6AEA6B2B570C470070646D /* PBXTargetDependency */,
			);
			name = IStoreUITests;
			productName = IStoreUITests;
			productReference = DC6AEA692B570C470070646D /* IStoreUITests.xctest */;
			productType = "com.apple.product-type.bundle.ui-testing";
		};
/* End PBXNativeTarget section */

/* Begin PBXProject section */
		DC6AEA472B570C460070646D /* Project object */ = {
			isa = PBXProject;
			attributes = {
				BuildIndependentTargetsInParallel = 1;
				LastSwiftUpdateCheck = 1500;
				LastUpgradeCheck = 1500;
				TargetAttributes = {
					DC6AEA4E2B570C460070646D = {
						CreatedOnToolsVersion = 15.0;
					};
					DC6AEA5E2B570C470070646D = {
						CreatedOnToolsVersion = 15.0;
						TestTargetID = DC6AEA4E2B570C460070646D;
					};
					DC6AEA682B570C470070646D = {
						CreatedOnToolsVersion = 15.0;
						TestTargetID = DC6AEA4E2B570C460070646D;
					};
				};
			};
			buildConfigurationList = DC6AEA4A2B570C460070646D /* Build configuration list for PBXProject "IStore" */;
			compatibilityVersion = "Xcode 14.0";
			developmentRegion = en;
			hasScannedForEncodings = 0;
			knownRegions = (
				en,
				Base,
			);
			mainGroup = DC6AEA462B570C460070646D;
			productRefGroup = DC6AEA502B570C460070646D /* Products */;
			projectDirPath = "";
			projectRoot = "";
			targets = (
				DC6AEA4E2B570C460070646D /* IStore */,
				DC6AEA5E2B570C470070646D /* IStoreTests */,
				DC6AEA682B570C470070646D /* IStoreUITests */,
			);
		};
/* End PBXProject section */

/* Begin PBXResourcesBuildPhase section */
		DC6AEA4D2B570C460070646D /* Resources */ = {
			isa = PBXResourcesBuildPhase;
			buildActionMask = 2147483647;
			files = (
				DC6AEA5A2B570C470070646D /* Preview Assets.xcassets in Resources */,
				DC6AEA572B570C470070646D /* Assets.xcassets in Resources */,
			);
			runOnlyForDeploymentPostprocessing = 0;
		};
		DC6AEA5D2B570C470070646D /* Resources */ = {
			isa = PBXResourcesBuildPhase;
			buildActionMask = 2147483647;
			files = (
			);
			runOnlyForDeploymentPostprocessing = 0;
		};
		DC6AEA672B570C470070646D /* Resources */ = {
			isa = PBXResourcesBuildPhase;
			buildActionMask = 2147483647;
			files = (
			);
			runOnlyForDeploymentPostprocessing = 0;
		};
/* End PBXResourcesBuildPhase section */

/* Begin PBXSourcesBuildPhase section */
		DC6AEA4B2B570C460070646D /* Sources */ = {
			isa = PBXSourcesBuildPhase;
			buildActionMask = 2147483647;
			files = (
				DC6AEA552B570C460070646D /* ContentView.swift in Sources */,
				DC6AEA532B570C460070646D /* IStoreApp.swift in Sources */,
			);
			runOnlyForDeploymentPostprocessing = 0;
		};
		DC6AEA5B2B570C470070646D /* Sources */ = {
			isa = PBXSourcesBuildPhase;
			buildActionMask = 2147483647;
			files = (
				DC6AEA642B570C470070646D /* IStoreTests.swift in Sources */,
			);
			runOnlyForDeploymentPostprocessing = 0;
		};
		DC6AEA652B570C470070646D /* Sources */ = {
			isa = PBXSourcesBuildPhase;
			buildActionMask = 2147483647;
			files = (
				DC6AEA702B570C470070646D /* IStoreUITestsLaunchTests.swift in Sources */,
				DC6AEA6E2B570C470070646D /* IStoreUITests.swift in Sources */,
			);
			runOnlyForDeploymentPostprocessing = 0;
		};
/* End PBXSourcesBuildPhase section */

/* Begin PBXTargetDependency section */
		DC6AEA612B570C470070646D /* PBXTargetDependency */ = {
			isa = PBXTargetDependency;
			target = DC6AEA4E2B570C460070646D /* IStore */;
			targetProxy = DC6AEA602B570C470070646D /* PBXContainerItemProxy */;
		};
		DC6AEA6B2B570C470070646D /* PBXTargetDependency */ = {
			isa = PBXTargetDependency;
			target = DC6AEA4E2B570C460070646D /* IStore */;
			targetProxy = DC6AEA6A2B570C470070646D /* PBXContainerItemProxy */;
		};
/* End PBXTargetDependency section */

/* Begin XCBuildConfiguration section */
		DC6AEA712B570C470070646D /* Debug */ = {
			isa = XCBuildConfiguration;
			buildSettings = {
				ALWAYS_SEARCH_USER_PATHS = NO;
				ASSETCATALOG_COMPILER_GENERATE_SWIFT_ASSET_SYMBOL_EXTENSIONS = YES;
				CLANG_ANALYZER_NONNULL = YES;
				CLANG_ANALYZER_NUMBER_OBJECT_CONVERSION = YES_AGGRESSIVE;
				CLANG_CXX_LANGUAGE_STANDARD = "gnu++20";
				CLANG_ENABLE_MODULES = YES;
				CLANG_ENABLE_OBJC_ARC = YES;
				CLANG_ENABLE_OBJC_WEAK = YES;
				CLANG_WARN_BLOCK_CAPTURE_AUTORELEASING = YES;
				CLANG_WARN_BOOL_CONVERSION = YES;
				CLANG_WARN_COMMA = YES;
				CLANG_WARN_CONSTANT_CONVERSION = YES;
				CLANG_WARN_DEPRECATED_OBJC_IMPLEMENTATIONS = YES;
				CLANG_WARN_DIRECT_OBJC_ISA_USAGE = YES_ERROR;
				CLANG_WARN_DOCUMENTATION_COMMENTS = YES;
				CLANG_WARN_EMPTY_BODY = YES;
				CLANG_WARN_ENUM_CONVERSION = YES;
				CLANG_WARN_INFINITE_RECURSION = YES;
				CLANG_WARN_INT_CONVERSION = YES;
				CLANG_WARN_NON_LITERAL_NULL_CONVERSION = YES;
				CLANG_WARN_OBJC_IMPLICIT_RETAIN_SELF = YES;
				CLANG_WARN_OBJC_LITERAL_CONVERSION = YES;
				CLANG_WARN_OBJC_ROOT_CLASS = YES_ERROR;
				CLANG_WARN_QUOTED_INCLUDE_IN_FRAMEWORK_HEADER = YES;
				CLANG_WARN_RANGE_LOOP_ANALYSIS = YES;
				CLANG_WARN_STRICT_PROTOTYPES = YES;
				CLANG_WARN_SUSPICIOUS_MOVE = YES;
				CLANG_WARN_UNGUARDED_AVAILABILITY = YES_AGGRESSIVE;
				CLANG_WARN_UNREACHABLE_CODE = YES;
				CLANG_WARN__DUPLICATE_METHOD_MATCH = YES;
				COPY_PHASE_STRIP = NO;
				DEBUG_INFORMATION_FORMAT = dwarf;
				ENABLE_STRICT_OBJC_MSGSEND = YES;
				ENABLE_TESTABILITY = YES;
				ENABLE_USER_SCRIPT_SANDBOXING = YES;
				GCC_C_LANGUAGE_STANDARD = gnu17;
				GCC_DYNAMIC_NO_PIC = NO;
				GCC_NO_COMMON_BLOCKS = YES;
				GCC_OPTIMIZATION_LEVEL = 0;
				GCC_PREPROCESSOR_DEFINITIONS = (
					"DEBUG=1",
					"$(inherited)",
				);
				GCC_WARN_64_TO_32_BIT_CONVERSION = YES;
				GCC_WARN_ABOUT_RETURN_TYPE = YES_ERROR;
				GCC_WARN_UNDECLARED_SELECTOR = YES;
				GCC_WARN_UNINITIALIZED_AUTOS = YES_AGGRESSIVE;
				GCC_WARN_UNUSED_FUNCTION = YES;
				GCC_WARN_UNUSED_VARIABLE = YES;
				IPHONEOS_DEPLOYMENT_TARGET = 17.0;
				LOCALIZATION_PREFERS_STRING_CATALOGS = YES;
				MTL_ENABLE_DEBUG_INFO = INCLUDE_SOURCE;
				MTL_FAST_MATH = YES;
				ONLY_ACTIVE_ARCH = YES;
				SDKROOT = iphoneos;
				SWIFT_ACTIVE_COMPILATION_CONDITIONS = "DEBUG $(inherited)";
				SWIFT_OPTIMIZATION_LEVEL = "-Onone";
			};
			name = Debug;
		};
		DC6AEA722B570C470070646D /* Release */ = {
			isa = XCBuildConfiguration;
			buildSettings = {
				ALWAYS_SEARCH_USER_PATHS = NO;
				ASSETCATALOG_COMPILER_GENERATE_SWIFT_ASSET_SYMBOL_EXTENSIONS = YES;
				CLANG_ANALYZER_NONNULL = YES;
				CLANG_ANALYZER_NUMBER_OBJECT_CONVERSION = YES_AGGRESSIVE;
				CLANG_CXX_LANGUAGE_STANDARD = "gnu++20";
				CLANG_ENABLE_MODULES = YES;
				CLANG_ENABLE_OBJC_ARC = YES;
				CLANG_ENABLE_OBJC_WEAK = YES;
				CLANG_WARN_BLOCK_CAPTURE_AUTORELEASING = YES;
				CLANG_WARN_BOOL_CONVERSION = YES;
				CLANG_WARN_COMMA = YES;
				CLANG_WARN_CONSTANT_CONVERSION = YES;
				CLANG_WARN_DEPRECATED_OBJC_IMPLEMENTATIONS = YES;
				CLANG_WARN_DIRECT_OBJC_ISA_USAGE = YES_ERROR;
				CLANG_WARN_DOCUMENTATION_COMMENTS = YES;
				CLANG_WARN_EMPTY_BODY = YES;
				CLANG_WARN_ENUM_CONVERSION = YES;
				CLANG_WARN_INFINITE_RECURSION = YES;
				CLANG_WARN_INT_CONVERSION = YES;
				CLANG_WARN_NON_LITERAL_NULL_CONVERSION = YES;
				CLANG_WARN_OBJC_IMPLICIT_RETAIN_SELF = YES;
				CLANG_WARN_OBJC_LITERAL_CONVERSION = YES;
				CLANG_WARN_OBJC_ROOT_CLASS = YES_ERROR;
				CLANG_WARN_QUOTED_INCLUDE_IN_FRAMEWORK_HEADER = YES;
				CLANG_WARN_RANGE_LOOP_ANALYSIS = YES;
				CLANG_WARN_STRICT_PROTOTYPES = YES;
				CLANG_WARN_SUSPICIOUS_MOVE = YES;
				CLANG_WARN_UNGUARDED_AVAILABILITY = YES_AGGRESSIVE;
				CLANG_WARN_UNREACHABLE_CODE = YES;
				CLANG_WARN__DUPLICATE_METHOD_MATCH = YES;
				COPY_PHASE_STRIP = NO;
				DEBUG_INFORMATION_FORMAT = "dwarf-with-dsym";
				ENABLE_NS_ASSERTIONS = NO;
				ENABLE_STRICT_OBJC_MSGSEND = YES;
				ENABLE_USER_SCRIPT_SANDBOXING = YES;
				GCC_C_LANGUAGE_STANDARD = gnu17;
				GCC_NO_COMMON_BLOCKS = YES;
				GCC_WARN_64_TO_32_BIT_CONVERSION = YES;
				GCC_WARN_ABOUT_RETURN_TYPE = YES_ERROR;
				GCC_WARN_UNDECLARED_SELECTOR = YES;
				GCC_WARN_UNINITIALIZED_AUTOS = YES_AGGRESSIVE;
				GCC_WARN_UNUSED_FUNCTION = YES;
				GCC_WARN_UNUSED_VARIABLE = YES;
				IPHONEOS_DEPLOYMENT_TARGET = 17.0;
				LOCALIZATION_PREFERS_STRING_CATALOGS = YES;
				MTL_ENABLE_DEBUG_INFO = NO;
				MTL_FAST_MATH = YES;
				SDKROOT = iphoneos;
				SWIFT_COMPILATION_MODE = wholemodule;
				VALIDATE_PRODUCT = YES;
			};
			name = Release;
		};
		DC6AEA742B570C470070646D /* Debug */ = {
			isa = XCBuildConfiguration;
			buildSettings = {
				ASSETCATALOG_COMPILER_APPICON_NAME = AppIcon;
				ASSETCATALOG_COMPILER_GLOBAL_ACCENT_COLOR_NAME = AccentColor;
				CODE_SIGN_STYLE = Automatic;
				CURRENT_PROJECT_VERSION = 1;
				DEVELOPMENT_ASSET_PATHS = "\"IStore/Preview Content\"";
				DEVELOPMENT_TEAM = 58TK88D4SZ;
				ENABLE_PREVIEWS = YES;
				GENERATE_INFOPLIST_FILE = YES;
				INFOPLIST_KEY_UIApplicationSceneManifest_Generation = YES;
				INFOPLIST_KEY_UIApplicationSupportsIndirectInputEvents = YES;
				INFOPLIST_KEY_UILaunchScreen_Generation = YES;
				INFOPLIST_KEY_UISupportedInterfaceOrientations_iPad = "UIInterfaceOrientationPortrait UIInterfaceOrientationPortraitUpsideDown UIInterfaceOrientationLandscapeLeft UIInterfaceOrientationLandscapeRight";
				INFOPLIST_KEY_UISupportedInterfaceOrientations_iPhone = "UIInterfaceOrientationPortrait UIInterfaceOrientationLandscapeLeft UIInterfaceOrientationLandscapeRight";
				LD_RUNPATH_SEARCH_PATHS = (
					"$(inherited)",
					"@executable_path/Frameworks",
				);
				MARKETING_VERSION = 1.0;
				PRODUCT_BUNDLE_IDENTIFIER = com.flexcode.IStore;
				PRODUCT_NAME = "$(TARGET_NAME)";
				SWIFT_EMIT_LOC_STRINGS = YES;
				SWIFT_VERSION = 5.0;
				TARGETED_DEVICE_FAMILY = "1,2";
			};
			name = Debug;
		};
		DC6AEA752B570C470070646D /* Release */ = {
			isa = XCBuildConfiguration;
			buildSettings = {
				ASSETCATALOG_COMPILER_APPICON_NAME = AppIcon;
				ASSETCATALOG_COMPILER_GLOBAL_ACCENT_COLOR_NAME = AccentColor;
				CODE_SIGN_STYLE = Automatic;
				CURRENT_PROJECT_VERSION = 1;
				DEVELOPMENT_ASSET_PATHS = "\"IStore/Preview Content\"";
				DEVELOPMENT_TEAM = 58TK88D4SZ;
				ENABLE_PREVIEWS = YES;
				GENERATE_INFOPLIST_FILE = YES;
				INFOPLIST_KEY_UIApplicationSceneManifest_Generation = YES;
				INFOPLIST_KEY_UIApplicationSupportsIndirectInputEvents = YES;
				INFOPLIST_KEY_UILaunchScreen_Generation = YES;
				INFOPLIST_KEY_UISupportedInterfaceOrientations_iPad = "UIInterfaceOrientationPortrait UIInterfaceOrientationPortraitUpsideDown UIInterfaceOrientationLandscapeLeft UIInterfaceOrientationLandscapeRight";
				INFOPLIST_KEY_UISupportedInterfaceOrientations_iPhone = "UIInterfaceOrientationPortrait UIInterfaceOrientationLandscapeLeft UIInterfaceOrientationLandscapeRight";
				LD_RUNPATH_SEARCH_PATHS = (
					"$(inherited)",
					"@executable_path/Frameworks",
				);
				MARKETING_VERSION = 1.0;
				PRODUCT_BUNDLE_IDENTIFIER = com.flexcode.IStore;
				PRODUCT_NAME = "$(TARGET_NAME)";
				SWIFT_EMIT_LOC_STRINGS = YES;
				SWIFT_VERSION = 5.0;
				TARGETED_DEVICE_FAMILY = "1,2";
			};
			name = Release;
		};
		DC6AEA772B570C470070646D /* Debug */ = {
			isa = XCBuildConfiguration;
			buildSettings = {
				ALWAYS_EMBED_SWIFT_STANDARD_LIBRARIES = YES;
				BUNDLE_LOADER = "$(TEST_HOST)";
				CODE_SIGN_STYLE = Automatic;
				CURRENT_PROJECT_VERSION = 1;
				DEVELOPMENT_TEAM = 58TK88D4SZ;
				GENERATE_INFOPLIST_FILE = YES;
				IPHONEOS_DEPLOYMENT_TARGET = 17.0;
				MARKETING_VERSION = 1.0;
				PRODUCT_BUNDLE_IDENTIFIER = com.flexcode.IStoreTests;
				PRODUCT_NAME = "$(TARGET_NAME)";
				SWIFT_EMIT_LOC_STRINGS = NO;
				SWIFT_VERSION = 5.0;
				TARGETED_DEVICE_FAMILY = "1,2";
				TEST_HOST = "$(BUILT_PRODUCTS_DIR)/IStore.app/$(BUNDLE_EXECUTABLE_FOLDER_PATH)/IStore";
			};
			name = Debug;
		};
		DC6AEA782B570C470070646D /* Release */ = {
			isa = XCBuildConfiguration;
			buildSettings = {
				ALWAYS_EMBED_SWIFT_STANDARD_LIBRARIES = YES;
				BUNDLE_LOADER = "$(TEST_HOST)";
				CODE_SIGN_STYLE = Automatic;
				CURRENT_PROJECT_VERSION = 1;
				DEVELOPMENT_TEAM = 58TK88D4SZ;
				GENERATE_INFOPLIST_FILE = YES;
				IPHONEOS_DEPLOYMENT_TARGET = 17.0;
				MARKETING_VERSION = 1.0;
				PRODUCT_BUNDLE_IDENTIFIER = com.flexcode.IStoreTests;
				PRODUCT_NAME = "$(TARGET_NAME)";
				SWIFT_EMIT_LOC_STRINGS = NO;
				SWIFT_VERSION = 5.0;
				TARGETED_DEVICE_FAMILY = "1,2";
				TEST_HOST = "$(BUILT_PRODUCTS_DIR)/IStore.app/$(BUNDLE_EXECUTABLE_FOLDER_PATH)/IStore";
			};
			name = Release;
		};
		DC6AEA7A2B570C470070646D /* Debug */ = {
			isa = XCBuildConfiguration;
			buildSettings = {
				ALWAYS_EMBED_SWIFT_STANDARD_LIBRARIES = YES;
				CODE_SIGN_STYLE = Automatic;
				CURRENT_PROJECT_VERSION = 1;
				DEVELOPMENT_TEAM = 58TK88D4SZ;
				GENERATE_INFOPLIST_FILE = YES;
				MARKETING_VERSION = 1.0;
				PRODUCT_BUNDLE_IDENTIFIER = com.flexcode.IStoreUITests;
				PRODUCT_NAME = "$(TARGET_NAME)";
				SWIFT_EMIT_LOC_STRINGS = NO;
				SWIFT_VERSION = 5.0;
				TARGETED_DEVICE_FAMILY = "1,2";
				TEST_TARGET_NAME = IStore;
			};
			name = Debug;
		};
		DC6AEA7B2B570C470070646D /* Release */ = {
			isa = XCBuildConfiguration;
			buildSettings = {
				ALWAYS_EMBED_SWIFT_STANDARD_LIBRARIES = YES;
				CODE_SIGN_STYLE = Automatic;
				CURRENT_PROJECT_VERSION = 1;
				DEVELOPMENT_TEAM = 58TK88D4SZ;
				GENERATE_INFOPLIST_FILE = YES;
				MARKETING_VERSION = 1.0;
				PRODUCT_BUNDLE_IDENTIFIER = com.flexcode.IStoreUITests;
				PRODUCT_NAME = "$(TARGET_NAME)";
				SWIFT_EMIT_LOC_STRINGS = NO;
				SWIFT_VERSION = 5.0;
				TARGETED_DEVICE_FAMILY = "1,2";
				TEST_TARGET_NAME = IStore;
			};
			name = Release;
		};
/* End XCBuildConfiguration section */

/* Begin XCConfigurationList section */
		DC6AEA4A2B570C460070646D /* Build configuration list for PBXProject "IStore" */ = {
			isa = XCConfigurationList;
			buildConfigurations = (
				DC6AEA712B570C470070646D /* Debug */,
				DC6AEA722B570C470070646D /* Release */,
			);
			defaultConfigurationIsVisible = 0;
			defaultConfigurationName = Release;
		};
		DC6AEA732B570C470070646D /* Build configuration list for PBXNativeTarget "IStore" */ = {
			isa = XCConfigurationList;
			buildConfigurations = (
				DC6AEA742B570C470070646D /* Debug */,
				DC6AEA752B570C470070646D /* Release */,
			);
			defaultConfigurationIsVisible = 0;
			defaultConfigurationName = Release;
		};
		DC6AEA762B570C470070646D /* Build configuration list for PBXNativeTarget "IStoreTests" */ = {
			isa = XCConfigurationList;
			buildConfigurations = (
				DC6AEA772B570C470070646D /* Debug */,
				DC6AEA782B570C470070646D /* Release */,
			);
			defaultConfigurationIsVisible = 0;
			defaultConfigurationName = Release;
		};
		DC6AEA792B570C470070646D /* Build configuration list for PBXNativeTarget "IStoreUITests" */ = {
			isa = XCConfigurationList;
			buildConfigurations = (
				DC6AEA7A2B570C470070646D /* Debug */,
				DC6AEA7B2B570C470070646D /* Release */,
			);
			defaultConfigurationIsVisible = 0;
			defaultConfigurationName = Release;
		};
/* End XCConfigurationList section */
	};
	rootObject = DC6AEA472B570C460070646D /* Project object */;
}
